
Microsoft Visual Studio Solution File, Format Version 12.00
# Visual Studio Version 16
VisualStudioVersion = 16.0.30907.101
MinimumVisualStudioVersion = 10.0.40219.1
Project("{FAE04EC0-301F-11D3-BF4B-00C04F79EFBC}") = "Otobüs Bilet Satış Otomasyonu", "Otobüs Bilet Satış Otomasyonu\Otobüs Bilet Satış Otomasyonu.csproj", "{6688BCB8-2574-431C-A7D9-85789A4990D9}"
EndProject
Global
	GlobalSection(SolutionConfigurationPlatforms) = preSolution
		Debug|Any CPU = Debug|Any CPU
		Release|Any CPU = Release|Any CPU
	EndGlobalSection
	GlobalSection(ProjectConfigurationPlatforms) = postSolution
		{6688BCB8-2574-431C-A7D9-85789A4990D9}.Debug|Any CPU.ActiveCfg = Debug|Any CPU
		{6688BCB8-2574-431C-A7D9-85789A4990D9}.Debug|Any CPU.Build.0 = Debug|Any CPU
		{6688BCB8-2574-431C-A7D9-85789A4990D9}.Release|Any CPU.ActiveCfg = Release|Any CPU
		{6688BCB8-2574-431C-A7D9-85789A4990D9}.Release|Any CPU.Build.0 = Release|Any CPU
	EndGlobalSection
	GlobalSection(SolutionProperties) = preSolution
		HideSolutionNode = FALSE
	EndGlobalSection
	GlobalSection(ExtensibilityGlobals) = postSolution
		SolutionGuid = {97C479C8-895C-4105-A75A-1211DD4DBE1B}
	EndGlobalSection
EndGlobal
